<Solution>
  <Project Path="GlimmerOfHope.Gameplay.csproj" />
  <Project Path="GlimmerOfHope.Core.csproj" />
  <Project Path="GlimmerOfHope.UI.csproj" />
  <Project Path="Assembly-CSharp.csproj" />
  <Project Path="GlimmerOfHope.Editor.csproj" />
  <Project Path="FMODUnityResonanceEditor.csproj" />
  <Project Path="FMODUnityEditor.csproj" />
  <Project Path="Assembly-CSharp-firstpass.csproj" />
  <Project Path="FMODUnity.csproj" />
  <Project Path="FMODUnityHaptics.csproj" />
  <Project Path="FMODUnityResonance.csproj" />
  <Project Path="Assembly-CSharp-Editor.csproj" />
  <Project Path="GlimmerOfHope.Examples.csproj" />
</Solution>
